# This file is automatically @generated by Cargo.
# It is not intended for manual editing.
version = 3

[[package]]
name = "byteorder"
version = "1.4.3"
source = "registry+https://github.com/rust-lang/crates.io-index"
checksum = "14c189c53d098945499cdfa7ecc63567cf3886b3332b312a5b4585d8d3a6a610"

[[package]]
name = "cc"
version = "1.0.76"
source = "registry+https://github.com/rust-lang/crates.io-index"
checksum = "76a284da2e6fe2092f2353e51713435363112dfd60030e22add80be333fb928f"

[[package]]
name = "fxhash"
version = "0.2.1"
source = "registry+https://github.com/rust-lang/crates.io-index"
checksum = "c31b6d751ae2c7f11320402d34e41349dd1016f8d5d45e48c4312bc8625af50c"
dependencies = [
 "byteorder",
]

[[package]]
name = "libmimalloc-sys"
version = "0.1.27"
source = "registry+https://github.com/rust-lang/crates.io-index"
checksum = "c37567b180c1af25924b303ddf1ee4467653783440c62360beb2b322a4d93361"
dependencies = [
 "cc",
]

[[package]]
name = "mimalloc"
version = "0.1.31"
source = "registry+https://github.com/rust-lang/crates.io-index"
checksum = "b32d6a9ac92d0239d7bfa31137fb47634ac7272a3c11bcee91379ac100781670"
dependencies = [
 "libmimalloc-sys",
]

[[package]]
name = "rlox"
version = "0.1.0"
dependencies = [
 "fxhash",
 "mimalloc",
]
